# THIS IS AN AUTOGENERATED FILE. DO NOT EDIT THIS FILE DIRECTLY.
# yarn lockfile v1
coffee-script:
  version "1.11.1"
  resolved "https://registry.yarnpkg.com/coffee-script/-/coffee-script-1.11.1.tgz#bf1c47ad64443a0d95d12df2b147cc0a4daad6e9"

ramda:
  version "0.22.1"
  resolved "https://registry.yarnpkg.com/ramda/-/ramda-0.22.1.tgz#031da0c3df417c5b33c96234757eb37033f36a0e"

